// !$*UTF8*$!
{
	archiveVersion = 1;
	classes = {
	};
	objectVersion = 77;
	objects = {

/* Begin PBXBuildFile section */
		5817396B2EF6B9C100894B31 /* Quartz.framework in Frameworks */ = {isa = PBXBuildFile; fileRef = 581739532EF6B98F00894B31 /* Quartz.framework */; };
		581739772EF6B9C100894B31 /* VidPreviewQuickLook.appex in Embed Foundation Extensions */ = {isa = PBXBuildFile; fileRef = 5817396A2EF6B9C100894B31 /* VidPreviewQuickLook.appex */; settings = {ATTRIBUTES = (RemoveHeadersOnCopy, ); }; };
		58455B1C2F16DC4500AA5E23 /* QuickLookThumbnailing.framework in Frameworks */ = {isa = PBXBuildFile; fileRef = 58455B002F16D87400AA5E23 /* QuickLookThumbnailing.framework */; };
		58455B1D2F16DC4500AA5E23 /* Quartz.framework in Frameworks */ = {isa = PBXBuildFile; fileRef = 581739532EF6B98F00894B31 /* Quartz.framework */; };
		58455B242F16DC4500AA5E23 /* VidPreviewThumbnail.appex in Embed Foundation Extensions */ = {isa = PBXBuildFile; fileRef = 58455B1B2F16DC4500AA5E23 /* VidPreviewThumbnail.appex */; settings = {ATTRIBUTES = (RemoveHeadersOnCopy, ); }; };
		586CB66A2F374F12003E7C00 /* VidCore.framework in Frameworks */ = {isa = PBXBuildFile; fileRef = 58F669A92EF6C847003BA262 /* VidCore.framework */; };
		586CB66B2F374F12003E7C00 /* VidCore.framework in Embed Frameworks */ = {isa = PBXBuildFile; fileRef = 58F669A92EF6C847003BA262 /* VidCore.framework */; settings = {ATTRIBUTES = (CodeSignOnCopy, RemoveHeadersOnCopy, ); }; };
		588766A12F36AB7E00B9506B /* VidCore.framework in Frameworks */ = {isa = PBXBuildFile; fileRef = 58F669A92EF6C847003BA262 /* VidCore.framework */; };
		58AC747B2F16E29D00BF8BAF /* VidCore.framework in Frameworks */ = {isa = PBXBuildFile; fileRef = 58F669A92EF6C847003BA262 /* VidCore.framework */; };
		58AC747C2F16E29D00BF8BAF /* VidCore.framework in Embed Frameworks */ = {isa = PBXBuildFile; fileRef = 58F669A92EF6C847003BA262 /* VidCore.framework */; settings = {ATTRIBUTES = (CodeSignOnCopy, RemoveHeadersOnCopy, ); }; };
		58F669DA2EF6C924003BA262 /* VidCore.framework in Frameworks */ = {isa = PBXBuildFile; fileRef = 58F669A92EF6C847003BA262 /* VidCore.framework */; };
		58F669DB2EF6C924003BA262 /* VidCore.framework in Embed Frameworks */ = {isa = PBXBuildFile; fileRef = 58F669A92EF6C847003BA262 /* VidCore.framework */; settings = {ATTRIBUTES = (CodeSignOnCopy, RemoveHeadersOnCopy, ); }; };
		58FED0852EF6CDCF001AB3DA /* AppIcon.icon in Resources */ = {isa = PBXBuildFile; fileRef = 58FED0842EF6CDCF001AB3DA /* AppIcon.icon */; };
		58FED0862EF6CDCF001AB3DA /* AppIcon.icon in Resources */ = {isa = PBXBuildFile; fileRef = 58FED0842EF6CDCF001AB3DA /* AppIcon.icon */; };
		58FED0872EF6CDCF001AB3DA /* AppIcon.icon in Resources */ = {isa = PBXBuildFile; fileRef = 58FED0842EF6CDCF001AB3DA /* AppIcon.icon */; };
/* End PBXBuildFile section */

/* Begin PBXContainerItemProxy section */
		581739752EF6B9C100894B31 /* PBXContainerItemProxy */ = {
			isa = PBXContainerItemProxy;
			containerPortal = 58A458F32EF5C76D003F504E /* Project object */;
			proxyType = 1;
			remoteGlobalIDString = 581739692EF6B9C100894B31;
			remoteInfo = VidPreviewQuickLook;
		};
		58455B222F16DC4500AA5E23 /* PBXContainerItemProxy */ = {
			isa = PBXContainerItemProxy;
			containerPortal = 58A458F32EF5C76D003F504E /* Project object */;
			proxyType = 1;
			remoteGlobalIDString = 58455B1A2F16DC4500AA5E23;
			remoteInfo = VidPreviewThumbnail;
		};
		586CB66C2F374F12003E7C00 /* PBXContainerItemProxy */ = {
			isa = PBXContainerItemProxy;
			containerPortal = 58A458F32EF5C76D003F504E /* Project object */;
			proxyType = 1;
			remoteGlobalIDString = 58F669A82EF6C847003BA262;
			remoteInfo = VidCore;
		};
		588766A22F36AB7E00B9506B /* PBXContainerItemProxy */ = {
			isa = PBXContainerItemProxy;
			containerPortal = 58A458F32EF5C76D003F504E /* Project object */;
			proxyType = 1;
			remoteGlobalIDString = 58F669A82EF6C847003BA262;
			remoteInfo = VidCore;
		};
		58AC747D2F16E29D00BF8BAF /* PBXContainerItemProxy */ = {
			isa = PBXContainerItemProxy;
			containerPortal = 58A458F32EF5C76D003F504E /* Project object */;
			proxyType = 1;
			remoteGlobalIDString = 58F669A82EF6C847003BA262;
			remoteInfo = VidCore;
		};
		58F669DC2EF6C924003BA262 /* PBXContainerItemProxy */ = {
			isa = PBXContainerItemProxy;
			containerPortal = 58A458F32EF5C76D003F504E /* Project object */;
			proxyType = 1;
			remoteGlobalIDString = 58F669A82EF6C847003BA262;
			remoteInfo = VidCore;
		};
/* End PBXContainerItemProxy section */

/* Begin PBXCopyFilesBuildPhase section */
		581739612EF6B98F00894B31 /* Embed Foundation Extensions */ = {
			isa = PBXCopyFilesBuildPhase;
			buildActionMask = 2147483647;
			dstPath = "";
			dstSubfolderSpec = 13;
			files = (
				58455B242F16DC4500AA5E23 /* VidPreviewThumbnail.appex in Embed Foundation Extensions */,
				581739772EF6B9C100894B31 /* VidPreviewQuickLook.appex in Embed Foundation Extensions */,
			);
			name = "Embed Foundation Extensions";
			runOnlyForDeploymentPostprocessing = 0;
		};
		586CB66E2F374F12003E7C00 /* Embed Frameworks */ = {
			isa = PBXCopyFilesBuildPhase;
			buildActionMask = 2147483647;
			dstPath = "";
			dstSubfolderSpec = 10;
			files = (
				586CB66B2F374F12003E7C00 /* VidCore.framework in Embed Frameworks */,
			);
			name = "Embed Frameworks";
			runOnlyForDeploymentPostprocessing = 0;
		};
		58AC747F2F16E29D00BF8BAF /* Embed Frameworks */ = {
			isa = PBXCopyFilesBuildPhase;
			buildActionMask = 2147483647;
			dstPath = "";
			dstSubfolderSpec = 10;
			files = (
				58AC747C2F16E29D00BF8BAF /* VidCore.framework in Embed Frameworks */,
			);
			name = "Embed Frameworks";
			runOnlyForDeploymentPostprocessing = 0;
		};
		58F669DE2EF6C924003BA262 /* Embed Frameworks */ = {
			isa = PBXCopyFilesBuildPhase;
			buildActionMask = 2147483647;
			dstPath = "";
			dstSubfolderSpec = 10;
			files = (
				58F669DB2EF6C924003BA262 /* VidCore.framework in Embed Frameworks */,
			);
			name = "Embed Frameworks";
			runOnlyForDeploymentPostprocessing = 0;
		};
/* End PBXCopyFilesBuildPhase section */

/* Begin PBXFileReference section */
		581739532EF6B98F00894B31 /* Quartz.framework */ = {isa = PBXFileReference; lastKnownFileType = wrapper.framework; name = Quartz.framework; path = System/Library/Frameworks/Quartz.framework; sourceTree = SDKROOT; };
		5817396A2EF6B9C100894B31 /* VidPreviewQuickLook.appex */ = {isa = PBXFileReference; explicitFileType = "wrapper.app-extension"; includeInIndex = 0; path = VidPreviewQuickLook.appex; sourceTree = BUILT_PRODUCTS_DIR; };
		58455B002F16D87400AA5E23 /* QuickLookThumbnailing.framework */ = {isa = PBXFileReference; lastKnownFileType = wrapper.framework; name = QuickLookThumbnailing.framework; path = System/Library/Frameworks/QuickLookThumbnailing.framework; sourceTree = SDKROOT; };
		58455B1B2F16DC4500AA5E23 /* VidPreviewThumbnail.appex */ = {isa = PBXFileReference; explicitFileType = "wrapper.app-extension"; includeInIndex = 0; path = VidPreviewThumbnail.appex; sourceTree = BUILT_PRODUCTS_DIR; };
		5887669D2F36AB7E00B9506B /* VidCoreTests.xctest */ = {isa = PBXFileReference; explicitFileType = wrapper.cfbundle; includeInIndex = 0; path = VidCoreTests.xctest; sourceTree = BUILT_PRODUCTS_DIR; };
		58A458FB2EF5C76D003F504E /* VidPreview.app */ = {isa = PBXFileReference; explicitFileType = wrapper.application; includeInIndex = 0; path = VidPreview.app; sourceTree = BUILT_PRODUCTS_DIR; };
		58F669A92EF6C847003BA262 /* VidCore.framework */ = {isa = PBXFileReference; explicitFileType = wrapper.framework; includeInIndex = 0; path = VidCore.framework; sourceTree = BUILT_PRODUCTS_DIR; };
		58FED0842EF6CDCF001AB3DA /* AppIcon.icon */ = {isa = PBXFileReference; lastKnownFileType = folder.iconcomposer.icon; path = AppIcon.icon; sourceTree = "<group>"; };
/* End PBXFileReference section */

/* Begin PBXFileSystemSynchronizedBuildFileExceptionSet section */
		5817397B2EF6B9C100894B31 /* Exceptions for "VidPreviewQuickLook" folder in "VidPreviewQuickLook" target */ = {
			isa = PBXFileSystemSynchronizedBuildFileExceptionSet;
			membershipExceptions = (
				Info.plist,
			);
			target = 581739692EF6B9C100894B31 /* VidPreviewQuickLook */;
		};
		58455B282F16DC4500AA5E23 /* Exceptions for "VidPreviewThumbnail" folder in "VidPreviewThumbnail" target */ = {
			isa = PBXFileSystemSynchronizedBuildFileExceptionSet;
			membershipExceptions = (
				Info.plist,
			);
			target = 58455B1A2F16DC4500AA5E23 /* VidPreviewThumbnail */;
		};
		588766B12F36AB9200B9506B /* Exceptions for "VidCore" folder in "VidCoreTests" target */ = {
			isa = PBXFileSystemSynchronizedBuildFileExceptionSet;
			membershipExceptions = (
				VidCoreTests/BuffersTests.swift,
				VidCoreTests/PacketQueueTests.swift,
				VidCoreTests/PlaybackStateTests.swift,
				VidCoreTests/SubtitleFrameTests.swift,
				VidCoreTests/TrackInfoTests.swift,
				VidCoreTests/VideoFrameTests.swift,
				VidCoreTests/VideoInfoTests.swift,
				VidCoreTests/VideoPlayerErrorTests.swift,
			);
			target = 5887669C2F36AB7E00B9506B /* VidCoreTests */;
		};
		58A459072EF5C76E003F504E /* Exceptions for "VidPreview" folder in "VidPreview" target */ = {
			isa = PBXFileSystemSynchronizedBuildFileExceptionSet;
			membershipExceptions = (
				Info.plist,
			);
			target = 58A458FA2EF5C76D003F504E /* VidPreview */;
		};
		58E9AAE82F3624B200BB5D69 /* Exceptions for "VidPreviewQuickLook" folder in "VidPreview" target */ = {
			isa = PBXFileSystemSynchronizedBuildFileExceptionSet;
			membershipExceptions = (
				"Extensions/View+GlassEffect.swift",
				ViewModels/QuickLookViewModel.swift,
				Views/QLPlayerControls.swift,
				Views/QLTrackSelector.swift,
				Views/QLVolumeControl.swift,
				Views/QuickLookPlayerView.swift,
			);
			target = 58A458FA2EF5C76D003F504E /* VidPreview */;
		};
		58F669DF2EF6C9E1003BA262 /* Exceptions for "VidCore" folder in "VidCore" target */ = {
			isa = PBXFileSystemSynchronizedBuildFileExceptionSet;
			membershipExceptions = (
				VidCoreTests/BuffersTests.swift,
				VidCoreTests/PacketQueueTests.swift,
				VidCoreTests/PlaybackStateTests.swift,
				VidCoreTests/SubtitleFrameTests.swift,
				VidCoreTests/TrackInfoTests.swift,
				VidCoreTests/VideoFrameTests.swift,
				VidCoreTests/VideoInfoTests.swift,
				VidCoreTests/VideoPlayerErrorTests.swift,
			);
			publicHeaders = (
				Media/Decoding/FFmpegDecoder.h,
				Media/Demuxing/FFmpegDemuxer.h,
				Subtitles/LibASSRenderer.h,
				VidCore.h,
			);
			target = 58F669A82EF6C847003BA262 /* VidCore */;
		};
/* End PBXFileSystemSynchronizedBuildFileExceptionSet section */

/* Begin PBXFileSystemSynchronizedRootGroup section */
		5817396C2EF6B9C100894B31 /* VidPreviewQuickLook */ = {
			isa = PBXFileSystemSynchronizedRootGroup;
			exceptions = (
				58E9AAE82F3624B200BB5D69 /* Exceptions for "VidPreviewQuickLook" folder in "VidPreview" target */,
				5817397B2EF6B9C100894B31 /* Exceptions for "VidPreviewQuickLook" folder in "VidPreviewQuickLook" target */,
			);
			path = VidPreviewQuickLook;
			sourceTree = "<group>";
		};
		58455B1E2F16DC4500AA5E23 /* VidPreviewThumbnail */ = {
			isa = PBXFileSystemSynchronizedRootGroup;
			exceptions = (
				58455B282F16DC4500AA5E23 /* Exceptions for "VidPreviewThumbnail" folder in "VidPreviewThumbnail" target */,
			);
			path = VidPreviewThumbnail;
			sourceTree = "<group>";
		};
		58A458FD2EF5C76D003F504E /* VidPreview */ = {
			isa = PBXFileSystemSynchronizedRootGroup;
			exceptions = (
				58A459072EF5C76E003F504E /* Exceptions for "VidPreview" folder in "VidPreview" target */,
			);
			path = VidPreview;
			sourceTree = "<group>";
		};
		58F669AA2EF6C847003BA262 /* VidCore */ = {
			isa = PBXFileSystemSynchronizedRootGroup;
			exceptions = (
				58F669DF2EF6C9E1003BA262 /* Exceptions for "VidCore" folder in "VidCore" target */,
				588766B12F36AB9200B9506B /* Exceptions for "VidCore" folder in "VidCoreTests" target */,
			);
			path = VidCore;
			sourceTree = "<group>";
		};
/* End PBXFileSystemSynchronizedRootGroup section */

/* Begin PBXFrameworksBuildPhase section */
		581739672EF6B9C100894B31 /* Frameworks */ = {
			isa = PBXFrameworksBuildPhase;
			buildActionMask = 2147483647;
			files = (
				58F669DA2EF6C924003BA262 /* VidCore.framework in Frameworks */,
				5817396B2EF6B9C100894B31 /* Quartz.framework in Frameworks */,
			);
			runOnlyForDeploymentPostprocessing = 0;
		};
		58455B182F16DC4500AA5E23 /* Frameworks */ = {
			isa = PBXFrameworksBuildPhase;
			buildActionMask = 2147483647;
			files = (
				58455B1C2F16DC4500AA5E23 /* QuickLookThumbnailing.framework in Frameworks */,
				58455B1D2F16DC4500AA5E23 /* Quartz.framework in Frameworks */,
				58AC747B2F16E29D00BF8BAF /* VidCore.framework in Frameworks */,
			);
			runOnlyForDeploymentPostprocessing = 0;
		};
		5887669A2F36AB7E00B9506B /* Frameworks */ = {
			isa = PBXFrameworksBuildPhase;
			buildActionMask = 2147483647;
			files = (
				588766A12F36AB7E00B9506B /* VidCore.framework in Frameworks */,
			);
			runOnlyForDeploymentPostprocessing = 0;
		};
		58A458F82EF5C76D003F504E /* Frameworks */ = {
			isa = PBXFrameworksBuildPhase;
			buildActionMask = 2147483647;
			files = (
				586CB66A2F374F12003E7C00 /* VidCore.framework in Frameworks */,
			);
			runOnlyForDeploymentPostprocessing = 0;
		};
		58F669A62EF6C847003BA262 /* Frameworks */ = {
			isa = PBXFrameworksBuildPhase;
			buildActionMask = 2147483647;
			files = (
			);
			runOnlyForDeploymentPostprocessing = 0;
		};
/* End PBXFrameworksBuildPhase section */

/* Begin PBXGroup section */
		581739522EF6B98F00894B31 /* Frameworks */ = {
			isa = PBXGroup;
			children = (
				581739532EF6B98F00894B31 /* Quartz.framework */,
				58455B002F16D87400AA5E23 /* QuickLookThumbnailing.framework */,
			);
			name = Frameworks;
			sourceTree = "<group>";
		};
		58A458F22EF5C76D003F504E = {
			isa = PBXGroup;
			children = (
				58FED0842EF6CDCF001AB3DA /* AppIcon.icon */,
				58A458FD2EF5C76D003F504E /* VidPreview */,
				5817396C2EF6B9C100894B31 /* VidPreviewQuickLook */,
				58F669AA2EF6C847003BA262 /* VidCore */,
				58455B1E2F16DC4500AA5E23 /* VidPreviewThumbnail */,
				581739522EF6B98F00894B31 /* Frameworks */,
				58A458FC2EF5C76D003F504E /* Products */,
			);
			sourceTree = "<group>";
		};
		58A458FC2EF5C76D003F504E /* Products */ = {
			isa = PBXGroup;
			children = (
				58A458FB2EF5C76D003F504E /* VidPreview.app */,
				5817396A2EF6B9C100894B31 /* VidPreviewQuickLook.appex */,
				58F669A92EF6C847003BA262 /* VidCore.framework */,
				58455B1B2F16DC4500AA5E23 /* VidPreviewThumbnail.appex */,
				5887669D2F36AB7E00B9506B /* VidCoreTests.xctest */,
			);
			name = Products;
			sourceTree = "<group>";
		};
/* End PBXGroup section */

/* Begin PBXHeadersBuildPhase section */
		58F669A42EF6C847003BA262 /* Headers */ = {
			isa = PBXHeadersBuildPhase;
			buildActionMask = 2147483647;
			files = (
			);
			runOnlyForDeploymentPostprocessing = 0;
		};
/* End PBXHeadersBuildPhase section */

/* Begin PBXNativeTarget section */
		581739692EF6B9C100894B31 /* VidPreviewQuickLook */ = {
			isa = PBXNativeTarget;
			buildConfigurationList = 581739782EF6B9C100894B31 /* Build configuration list for PBXNativeTarget "VidPreviewQuickLook" */;
			buildPhases = (
				581739662EF6B9C100894B31 /* Sources */,
				581739672EF6B9C100894B31 /* Frameworks */,
				581739682EF6B9C100894B31 /* Resources */,
				58F669DE2EF6C924003BA262 /* Embed Frameworks */,
			);
			buildRules = (
			);
			dependencies = (
				58F669DD2EF6C924003BA262 /* PBXTargetDependency */,
			);
			fileSystemSynchronizedGroups = (
				5817396C2EF6B9C100894B31 /* VidPreviewQuickLook */,
			);
			name = VidPreviewQuickLook;
			packageProductDependencies = (
			);
			productName = VidPreviewQuickLook;
			productReference = 5817396A2EF6B9C100894B31 /* VidPreviewQuickLook.appex */;
			productType = "com.apple.product-type.app-extension";
		};
		58455B1A2F16DC4500AA5E23 /* VidPreviewThumbnail */ = {
			isa = PBXNativeTarget;
			buildConfigurationList = 58455B252F16DC4500AA5E23 /* Build configuration list for PBXNativeTarget "VidPreviewThumbnail" */;
			buildPhases = (
				58455B172F16DC4500AA5E23 /* Sources */,
				58455B182F16DC4500AA5E23 /* Frameworks */,
				58455B192F16DC4500AA5E23 /* Resources */,
				58AC747F2F16E29D00BF8BAF /* Embed Frameworks */,
			);
			buildRules = (
			);
			dependencies = (
				58AC747E2F16E29D00BF8BAF /* PBXTargetDependency */,
			);
			fileSystemSynchronizedGroups = (
				58455B1E2F16DC4500AA5E23 /* VidPreviewThumbnail */,
			);
			name = VidPreviewThumbnail;
			packageProductDependencies = (
			);
			productName = VidPreviewThumbnail;
			productReference = 58455B1B2F16DC4500AA5E23 /* VidPreviewThumbnail.appex */;
			productType = "com.apple.product-type.app-extension";
		};
		5887669C2F36AB7E00B9506B /* VidCoreTests */ = {
			isa = PBXNativeTarget;
			buildConfigurationList = 588766A62F36AB7E00B9506B /* Build configuration list for PBXNativeTarget "VidCoreTests" */;
			buildPhases = (
				588766992F36AB7E00B9506B /* Sources */,
				5887669A2F36AB7E00B9506B /* Frameworks */,
				5887669B2F36AB7E00B9506B /* Resources */,
			);
			buildRules = (
			);
			dependencies = (
				588766A32F36AB7E00B9506B /* PBXTargetDependency */,
			);
			name = VidCoreTests;
			packageProductDependencies = (
			);
			productName = VidCoreTests;
			productReference = 5887669D2F36AB7E00B9506B /* VidCoreTests.xctest */;
			productType = "com.apple.product-type.bundle.unit-test";
		};
		58A458FA2EF5C76D003F504E /* VidPreview */ = {
			isa = PBXNativeTarget;
			buildConfigurationList = 58A459082EF5C76E003F504E /* Build configuration list for PBXNativeTarget "VidPreview" */;
			buildPhases = (
				58A458F72EF5C76D003F504E /* Sources */,
				58A458F82EF5C76D003F504E /* Frameworks */,
				58A458F92EF5C76D003F504E /* Resources */,
				581739612EF6B98F00894B31 /* Embed Foundation Extensions */,
				586CB66E2F374F12003E7C00 /* Embed Frameworks */,
			);
			buildRules = (
			);
			dependencies = (
				581739762EF6B9C100894B31 /* PBXTargetDependency */,
				58455B232F16DC4500AA5E23 /* PBXTargetDependency */,
				586CB66D2F374F12003E7C00 /* PBXTargetDependency */,
			);
			fileSystemSynchronizedGroups = (
				58A458FD2EF5C76D003F504E /* VidPreview */,
			);
			name = VidPreview;
			packageProductDependencies = (
			);
			productName = VidPreview;
			productReference = 58A458FB2EF5C76D003F504E /* VidPreview.app */;
			productType = "com.apple.product-type.application";
		};
		58F669A82EF6C847003BA262 /* VidCore */ = {
			isa = PBXNativeTarget;
			buildConfigurationList = 58F669B32EF6C847003BA262 /* Build configuration list for PBXNativeTarget "VidCore" */;
			buildPhases = (
				58F669A42EF6C847003BA262 /* Headers */,
				58F669A52EF6C847003BA262 /* Sources */,
				58F669A62EF6C847003BA262 /* Frameworks */,
				58F669A72EF6C847003BA262 /* Resources */,
			);
			buildRules = (
			);
			dependencies = (
			);
			fileSystemSynchronizedGroups = (
				58F669AA2EF6C847003BA262 /* VidCore */,
			);
			name = VidCore;
			packageProductDependencies = (
			);
			productName = VidCore;
			productReference = 58F669A92EF6C847003BA262 /* VidCore.framework */;
			productType = "com.apple.product-type.framework";
		};
/* End PBXNativeTarget section */

/* Begin PBXProject section */
		58A458F32EF5C76D003F504E /* Project object */ = {
			isa = PBXProject;
			attributes = {
				BuildIndependentTargetsInParallel = 1;
				LastSwiftUpdateCheck = 2630;
				LastUpgradeCheck = 2630;
				TargetAttributes = {
					581739692EF6B9C100894B31 = {
						CreatedOnToolsVersion = 26.2;
					};
					58455B1A2F16DC4500AA5E23 = {
						CreatedOnToolsVersion = 26.2;
					};
					5887669C2F36AB7E00B9506B = {
						CreatedOnToolsVersion = 26.3;
					};
					58A458FA2EF5C76D003F504E = {
						CreatedOnToolsVersion = 26.2;
					};
					58F669A82EF6C847003BA262 = {
						CreatedOnToolsVersion = 26.2;
					};
				};
			};
			buildConfigurationList = 58A458F62EF5C76D003F504E /* Build configuration list for PBXProject "VidPreview" */;
			developmentRegion = en;
			hasScannedForEncodings = 0;
			knownRegions = (
				en,
				Base,
			);
			mainGroup = 58A458F22EF5C76D003F504E;
			minimizedProjectReferenceProxies = 1;
			preferredProjectObjectVersion = 77;
			productRefGroup = 58A458FC2EF5C76D003F504E /* Products */;
			projectDirPath = "";
			projectRoot = "";
			targets = (
				58A458FA2EF5C76D003F504E /* VidPreview */,
				581739692EF6B9C100894B31 /* VidPreviewQuickLook */,
				58F669A82EF6C847003BA262 /* VidCore */,
				58455B1A2F16DC4500AA5E23 /* VidPreviewThumbnail */,
				5887669C2F36AB7E00B9506B /* VidCoreTests */,
			);
		};
/* End PBXProject section */

/* Begin PBXResourcesBuildPhase section */
		581739682EF6B9C100894B31 /* Resources */ = {
			isa = PBXResourcesBuildPhase;
			buildActionMask = 2147483647;
			files = (
				58FED0872EF6CDCF001AB3DA /* AppIcon.icon in Resources */,
			);
			runOnlyForDeploymentPostprocessing = 0;
		};
		58455B192F16DC4500AA5E23 /* Resources */ = {
			isa = PBXResourcesBuildPhase;
			buildActionMask = 2147483647;
			files = (
			);
			runOnlyForDeploymentPostprocessing = 0;
		};
		5887669B2F36AB7E00B9506B /* Resources */ = {
			isa = PBXResourcesBuildPhase;
			buildActionMask = 2147483647;
			files = (
			);
			runOnlyForDeploymentPostprocessing = 0;
		};
		58A458F92EF5C76D003F504E /* Resources */ = {
			isa = PBXResourcesBuildPhase;
			buildActionMask = 2147483647;
			files = (
				58FED0852EF6CDCF001AB3DA /* AppIcon.icon in Resources */,
			);
			runOnlyForDeploymentPostprocessing = 0;
		};
		58F669A72EF6C847003BA262 /* Resources */ = {
			isa = PBXResourcesBuildPhase;
			buildActionMask = 2147483647;
			files = (
				58FED0862EF6CDCF001AB3DA /* AppIcon.icon in Resources */,
			);
			runOnlyForDeploymentPostprocessing = 0;
		};
/* End PBXResourcesBuildPhase section */

/* Begin PBXSourcesBuildPhase section */
		581739662EF6B9C100894B31 /* Sources */ = {
			isa = PBXSourcesBuildPhase;
			buildActionMask = 2147483647;
			files = (
			);
			runOnlyForDeploymentPostprocessing = 0;
		};
		58455B172F16DC4500AA5E23 /* Sources */ = {
			isa = PBXSourcesBuildPhase;
			buildActionMask = 2147483647;
			files = (
			);
			runOnlyForDeploymentPostprocessing = 0;
		};
		588766992F36AB7E00B9506B /* Sources */ = {
			isa = PBXSourcesBuildPhase;
			buildActionMask = 2147483647;
			files = (
			);
			runOnlyForDeploymentPostprocessing = 0;
		};
		58A458F72EF5C76D003F504E /* Sources */ = {
			isa = PBXSourcesBuildPhase;
			buildActionMask = 2147483647;
			files = (
			);
			runOnlyForDeploymentPostprocessing = 0;
		};
		58F669A52EF6C847003BA262 /* Sources */ = {
			isa = PBXSourcesBuildPhase;
			buildActionMask = 2147483647;
			files = (
			);
			runOnlyForDeploymentPostprocessing = 0;
		};
/* End PBXSourcesBuildPhase section */

/* Begin PBXTargetDependency section */
		581739762EF6B9C100894B31 /* PBXTargetDependency */ = {
			isa = PBXTargetDependency;
			target = 581739692EF6B9C100894B31 /* VidPreviewQuickLook */;
			targetProxy = 581739752EF6B9C100894B31 /* PBXContainerItemProxy */;
		};
		58455B232F16DC4500AA5E23 /* PBXTargetDependency */ = {
			isa = PBXTargetDependency;
			target = 58455B1A2F16DC4500AA5E23 /* VidPreviewThumbnail */;
			targetProxy = 58455B222F16DC4500AA5E23 /* PBXContainerItemProxy */;
		};
		586CB66D2F374F12003E7C00 /* PBXTargetDependency */ = {
			isa = PBXTargetDependency;
			target = 58F669A82EF6C847003BA262 /* VidCore */;
			targetProxy = 586CB66C2F374F12003E7C00 /* PBXContainerItemProxy */;
		};
		588766A32F36AB7E00B9506B /* PBXTargetDependency */ = {
			isa = PBXTargetDependency;
			target = 58F669A82EF6C847003BA262 /* VidCore */;
			targetProxy = 588766A22F36AB7E00B9506B /* PBXContainerItemProxy */;
		};
		58AC747E2F16E29D00BF8BAF /* PBXTargetDependency */ = {
			isa = PBXTargetDependency;
			target = 58F669A82EF6C847003BA262 /* VidCore */;
			targetProxy = 58AC747D2F16E29D00BF8BAF /* PBXContainerItemProxy */;
		};
		58F669DD2EF6C924003BA262 /* PBXTargetDependency */ = {
			isa = PBXTargetDependency;
			target = 58F669A82EF6C847003BA262 /* VidCore */;
			targetProxy = 58F669DC2EF6C924003BA262 /* PBXContainerItemProxy */;
		};
/* End PBXTargetDependency section */

/* Begin XCBuildConfiguration section */
		581739792EF6B9C100894B31 /* Debug */ = {
			isa = XCBuildConfiguration;
			buildSettings = {
				CODE_SIGN_STYLE = Automatic;
				CURRENT_PROJECT_VERSION = 1;
				DEAD_CODE_STRIPPING = YES;
				DEVELOPMENT_TEAM = CM6PR6R3U2;
				ENABLE_APP_SANDBOX = YES;
				ENABLE_HARDENED_RUNTIME = YES;
				ENABLE_USER_SELECTED_FILES = readonly;
				GENERATE_INFOPLIST_FILE = YES;
				INFOPLIST_FILE = VidPreviewQuickLook/Info.plist;
				INFOPLIST_KEY_CFBundleDisplayName = VidPreviewQuickLook;
				INFOPLIST_KEY_NSHumanReadableCopyright = "";
				LD_RUNPATH_SEARCH_PATHS = (
					"$(inherited)",
					"@executable_path/../Frameworks",
					"@executable_path/../../../../Frameworks",
				);
				MACOSX_DEPLOYMENT_TARGET = 15.6;
				MARKETING_VERSION = 4.1;
				PRODUCT_BUNDLE_IDENTIFIER = uk.tarun.VidPreview.VidPreviewQuickLook;
				PRODUCT_NAME = "$(TARGET_NAME)";
				RUNTIME_EXCEPTION_DISABLE_LIBRARY_VALIDATION = YES;
				SKIP_INSTALL = YES;
				STRING_CATALOG_GENERATE_SYMBOLS = YES;
				SWIFT_APPROACHABLE_CONCURRENCY = YES;
				SWIFT_EMIT_LOC_STRINGS = YES;
				SWIFT_UPCOMING_FEATURE_MEMBER_IMPORT_VISIBILITY = YES;
				SWIFT_VERSION = 5.0;
			};
			name = Debug;
		};
		5817397A2EF6B9C100894B31 /* Release */ = {
			isa = XCBuildConfiguration;
			buildSettings = {
				CODE_SIGN_STYLE = Automatic;
				CURRENT_PROJECT_VERSION = 1;
				DEAD_CODE_STRIPPING = YES;
				DEVELOPMENT_TEAM = CM6PR6R3U2;
				ENABLE_APP_SANDBOX = YES;
				ENABLE_HARDENED_RUNTIME = YES;
				ENABLE_USER_SELECTED_FILES = readonly;
				GENERATE_INFOPLIST_FILE = YES;
				INFOPLIST_FILE = VidPreviewQuickLook/Info.plist;
				INFOPLIST_KEY_CFBundleDisplayName = VidPreviewQuickLook;
				INFOPLIST_KEY_NSHumanReadableCopyright = "";
				LD_RUNPATH_SEARCH_PATHS = (
					"$(inherited)",
					"@executable_path/../Frameworks",
					"@executable_path/../../../../Frameworks",
				);
				MACOSX_DEPLOYMENT_TARGET = 15.6;
				MARKETING_VERSION = 4.1;
				PRODUCT_BUNDLE_IDENTIFIER = uk.tarun.VidPreview.VidPreviewQuickLook;
				PRODUCT_NAME = "$(TARGET_NAME)";
				RUNTIME_EXCEPTION_DISABLE_LIBRARY_VALIDATION = YES;
				SKIP_INSTALL = YES;
				STRING_CATALOG_GENERATE_SYMBOLS = YES;
				SWIFT_APPROACHABLE_CONCURRENCY = YES;
				SWIFT_EMIT_LOC_STRINGS = YES;
				SWIFT_UPCOMING_FEATURE_MEMBER_IMPORT_VISIBILITY = YES;
				SWIFT_VERSION = 5.0;
			};
			name = Release;
		};
		58455B262F16DC4500AA5E23 /* Debug */ = {
			isa = XCBuildConfiguration;
			buildSettings = {
				CODE_SIGN_STYLE = Automatic;
				CURRENT_PROJECT_VERSION = 1;
				DEAD_CODE_STRIPPING = YES;
				DEVELOPMENT_TEAM = CM6PR6R3U2;
				ENABLE_APP_SANDBOX = YES;
				ENABLE_HARDENED_RUNTIME = YES;
				ENABLE_USER_SELECTED_FILES = readonly;
				GENERATE_INFOPLIST_FILE = YES;
				INFOPLIST_FILE = VidPreviewThumbnail/Info.plist;
				INFOPLIST_KEY_CFBundleDisplayName = VidPreviewThumbnail;
				INFOPLIST_KEY_NSHumanReadableCopyright = "";
				LD_RUNPATH_SEARCH_PATHS = (
					"$(inherited)",
					"@executable_path/../Frameworks",
					"@executable_path/../../../../Frameworks",
				);
				MACOSX_DEPLOYMENT_TARGET = 15.6;
				MARKETING_VERSION = 4.1;
				PRODUCT_BUNDLE_IDENTIFIER = uk.tarun.VidPreview.VidPreviewThumbnail;
				PRODUCT_NAME = "$(TARGET_NAME)";
				SKIP_INSTALL = YES;
				STRING_CATALOG_GENERATE_SYMBOLS = YES;
				SWIFT_APPROACHABLE_CONCURRENCY = YES;
				SWIFT_EMIT_LOC_STRINGS = YES;
				SWIFT_UPCOMING_FEATURE_MEMBER_IMPORT_VISIBILITY = YES;
				SWIFT_VERSION = 5.0;
			};
			name = Debug;
		};
		58455B272F16DC4500AA5E23 /* Release */ = {
			isa = XCBuildConfiguration;
			buildSettings = {
				CODE_SIGN_STYLE = Automatic;
				CURRENT_PROJECT_VERSION = 1;
				DEAD_CODE_STRIPPING = YES;
				DEVELOPMENT_TEAM = CM6PR6R3U2;
				ENABLE_APP_SANDBOX = YES;
				ENABLE_HARDENED_RUNTIME = YES;
				ENABLE_USER_SELECTED_FILES = readonly;
				GENERATE_INFOPLIST_FILE = YES;
				INFOPLIST_FILE = VidPreviewThumbnail/Info.plist;
				INFOPLIST_KEY_CFBundleDisplayName = VidPreviewThumbnail;
				INFOPLIST_KEY_NSHumanReadableCopyright = "";
				LD_RUNPATH_SEARCH_PATHS = (
					"$(inherited)",
					"@executable_path/../Frameworks",
					"@executable_path/../../../../Frameworks",
				);
				MACOSX_DEPLOYMENT_TARGET = 15.6;
				MARKETING_VERSION = 4.1;
				PRODUCT_BUNDLE_IDENTIFIER = uk.tarun.VidPreview.VidPreviewThumbnail;
				PRODUCT_NAME = "$(TARGET_NAME)";
				SKIP_INSTALL = YES;
				STRING_CATALOG_GENERATE_SYMBOLS = YES;
				SWIFT_APPROACHABLE_CONCURRENCY = YES;
				SWIFT_EMIT_LOC_STRINGS = YES;
				SWIFT_UPCOMING_FEATURE_MEMBER_IMPORT_VISIBILITY = YES;
				SWIFT_VERSION = 5.0;
			};
			name = Release;
		};
		588766A42F36AB7E00B9506B /* Debug */ = {
			isa = XCBuildConfiguration;
			buildSettings = {
				CODE_SIGN_STYLE = Automatic;
				CURRENT_PROJECT_VERSION = 1;
				DEVELOPMENT_TEAM = CM6PR6R3U2;
				GENERATE_INFOPLIST_FILE = YES;
				MARKETING_VERSION = 1.0;
				PRODUCT_BUNDLE_IDENTIFIER = uk.tarun.VidCoreTests;
				PRODUCT_NAME = "$(TARGET_NAME)";
				STRING_CATALOG_GENERATE_SYMBOLS = NO;
				SWIFT_APPROACHABLE_CONCURRENCY = YES;
				SWIFT_EMIT_LOC_STRINGS = NO;
				SWIFT_UPCOMING_FEATURE_MEMBER_IMPORT_VISIBILITY = YES;
				SWIFT_VERSION = 5.0;
			};
			name = Debug;
		};
		588766A52F36AB7E00B9506B /* Release */ = {
			isa = XCBuildConfiguration;
			buildSettings = {
				CODE_SIGN_STYLE = Automatic;
				CURRENT_PROJECT_VERSION = 1;
				DEVELOPMENT_TEAM = CM6PR6R3U2;
				GENERATE_INFOPLIST_FILE = YES;
				MARKETING_VERSION = 1.0;
				PRODUCT_BUNDLE_IDENTIFIER = uk.tarun.VidCoreTests;
				PRODUCT_NAME = "$(TARGET_NAME)";
				STRING_CATALOG_GENERATE_SYMBOLS = NO;
				SWIFT_APPROACHABLE_CONCURRENCY = YES;
				SWIFT_EMIT_LOC_STRINGS = NO;
				SWIFT_UPCOMING_FEATURE_MEMBER_IMPORT_VISIBILITY = YES;
				SWIFT_VERSION = 5.0;
			};
			name = Release;
		};
		58A459092EF5C76E003F504E /* Debug */ = {
			isa = XCBuildConfiguration;
			buildSettings = {
				ASSETCATALOG_COMPILER_APPICON_NAME = AppIcon;
				ASSETCATALOG_COMPILER_GLOBAL_ACCENT_COLOR_NAME = AccentColor;
				AUTOMATION_APPLE_EVENTS = NO;
				"CODE_SIGN_IDENTITY[sdk=macosx*]" = "Apple Development";
				CODE_SIGN_STYLE = Automatic;
				COMBINE_HIDPI_IMAGES = YES;
				CURRENT_PROJECT_VERSION = 1;
				DEAD_CODE_STRIPPING = YES;
				DEVELOPMENT_TEAM = CM6PR6R3U2;
				ENABLE_APP_SANDBOX = YES;
				ENABLE_HARDENED_RUNTIME = YES;
				ENABLE_PREVIEWS = YES;
				ENABLE_RESOURCE_ACCESS_AUDIO_INPUT = NO;
				ENABLE_RESOURCE_ACCESS_CALENDARS = NO;
				ENABLE_RESOURCE_ACCESS_CAMERA = NO;
				ENABLE_RESOURCE_ACCESS_CONTACTS = NO;
				ENABLE_RESOURCE_ACCESS_LOCATION = NO;
				ENABLE_RESOURCE_ACCESS_PHOTO_LIBRARY = NO;
				ENABLE_USER_SELECTED_FILES = readwrite;
				GENERATE_INFOPLIST_FILE = YES;
				INFOPLIST_FILE = VidPreview/Info.plist;
				INFOPLIST_KEY_LSApplicationCategoryType = "public.app-category.video";
				INFOPLIST_KEY_NSHumanReadableCopyright = "";
				LD_RUNPATH_SEARCH_PATHS = (
					"$(inherited)",
					"@executable_path/../Frameworks",
				);
				MACOSX_DEPLOYMENT_TARGET = 15.6;
				MARKETING_VERSION = 4.1;
				PRODUCT_BUNDLE_IDENTIFIER = uk.tarun.VidPreview;
				PRODUCT_NAME = "$(TARGET_NAME)";
				REGISTER_APP_GROUPS = YES;
				RUNTIME_EXCEPTION_ALLOW_DYLD_ENVIRONMENT_VARIABLES = NO;
				RUNTIME_EXCEPTION_ALLOW_JIT = NO;
				RUNTIME_EXCEPTION_ALLOW_UNSIGNED_EXECUTABLE_MEMORY = NO;
				RUNTIME_EXCEPTION_DEBUGGING_TOOL = NO;
				RUNTIME_EXCEPTION_DISABLE_EXECUTABLE_PAGE_PROTECTION = NO;
				RUNTIME_EXCEPTION_DISABLE_LIBRARY_VALIDATION = YES;
				STRING_CATALOG_GENERATE_SYMBOLS = YES;
				SWIFT_APPROACHABLE_CONCURRENCY = YES;
				SWIFT_DEFAULT_ACTOR_ISOLATION = MainActor;
				SWIFT_EMIT_LOC_STRINGS = YES;
				SWIFT_UPCOMING_FEATURE_MEMBER_IMPORT_VISIBILITY = YES;
				SWIFT_VERSION = 5.0;
			};
			name = Debug;
		};
		58A4590A2EF5C76E003F504E /* Release */ = {
			isa = XCBuildConfiguration;
			buildSettings = {
				ASSETCATALOG_COMPILER_APPICON_NAME = AppIcon;
				ASSETCATALOG_COMPILER_GLOBAL_ACCENT_COLOR_NAME = AccentColor;
				AUTOMATION_APPLE_EVENTS = NO;
				"CODE_SIGN_IDENTITY[sdk=macosx*]" = "Apple Development";
				CODE_SIGN_STYLE = Automatic;
				COMBINE_HIDPI_IMAGES = YES;
				CURRENT_PROJECT_VERSION = 1;
				DEAD_CODE_STRIPPING = YES;
				DEVELOPMENT_TEAM = CM6PR6R3U2;
				ENABLE_APP_SANDBOX = YES;
				ENABLE_HARDENED_RUNTIME = YES;
				ENABLE_PREVIEWS = YES;
				ENABLE_RESOURCE_ACCESS_AUDIO_INPUT = NO;
				ENABLE_RESOURCE_ACCESS_CALENDARS = NO;
				ENABLE_RESOURCE_ACCESS_CAMERA = NO;
				ENABLE_RESOURCE_ACCESS_CONTACTS = NO;
				ENABLE_RESOURCE_ACCESS_LOCATION = NO;
				ENABLE_RESOURCE_ACCESS_PHOTO_LIBRARY = NO;
				ENABLE_USER_SELECTED_FILES = readwrite;
				GENERATE_INFOPLIST_FILE = YES;
				INFOPLIST_FILE = VidPreview/Info.plist;
				INFOPLIST_KEY_LSApplicationCategoryType = "public.app-category.video";
				INFOPLIST_KEY_NSHumanReadableCopyright = "";
				LD_RUNPATH_SEARCH_PATHS = (
					"$(inherited)",
					"@executable_path/../Frameworks",
				);
				MACOSX_DEPLOYMENT_TARGET = 15.6;
				MARKETING_VERSION = 4.1;
				PRODUCT_BUNDLE_IDENTIFIER = uk.tarun.VidPreview;
				PRODUCT_NAME = "$(TARGET_NAME)";
				REGISTER_APP_GROUPS = YES;
				RUNTIME_EXCEPTION_ALLOW_DYLD_ENVIRONMENT_VARIABLES = NO;
				RUNTIME_EXCEPTION_ALLOW_JIT = NO;
				RUNTIME_EXCEPTION_ALLOW_UNSIGNED_EXECUTABLE_MEMORY = NO;
				RUNTIME_EXCEPTION_DEBUGGING_TOOL = NO;
				RUNTIME_EXCEPTION_DISABLE_EXECUTABLE_PAGE_PROTECTION = NO;
				RUNTIME_EXCEPTION_DISABLE_LIBRARY_VALIDATION = YES;
				STRING_CATALOG_GENERATE_SYMBOLS = YES;
				SWIFT_APPROACHABLE_CONCURRENCY = YES;
				SWIFT_DEFAULT_ACTOR_ISOLATION = MainActor;
				SWIFT_EMIT_LOC_STRINGS = YES;
				SWIFT_UPCOMING_FEATURE_MEMBER_IMPORT_VISIBILITY = YES;
				SWIFT_VERSION = 5.0;
			};
			name = Release;
		};
		58A4590B2EF5C76E003F504E /* Debug */ = {
			isa = XCBuildConfiguration;
			buildSettings = {
				ALWAYS_SEARCH_USER_PATHS = NO;
				ASSETCATALOG_COMPILER_GENERATE_SWIFT_ASSET_SYMBOL_EXTENSIONS = YES;
				CLANG_ANALYZER_NONNULL = YES;
				CLANG_ANALYZER_NUMBER_OBJECT_CONVERSION = YES_AGGRESSIVE;
				CLANG_CXX_LANGUAGE_STANDARD = "gnu++20";
				CLANG_ENABLE_MODULES = YES;
				CLANG_ENABLE_OBJC_ARC = YES;
				CLANG_ENABLE_OBJC_WEAK = YES;
				CLANG_WARN_BLOCK_CAPTURE_AUTORELEASING = YES;
				CLANG_WARN_BOOL_CONVERSION = YES;
				CLANG_WARN_COMMA = YES;
				CLANG_WARN_CONSTANT_CONVERSION = YES;
				CLANG_WARN_DEPRECATED_OBJC_IMPLEMENTATIONS = YES;
				CLANG_WARN_DIRECT_OBJC_ISA_USAGE = YES_ERROR;
				CLANG_WARN_DOCUMENTATION_COMMENTS = YES;
				CLANG_WARN_EMPTY_BODY = YES;
				CLANG_WARN_ENUM_CONVERSION = YES;
				CLANG_WARN_INFINITE_RECURSION = YES;
				CLANG_WARN_INT_CONVERSION = YES;
				CLANG_WARN_NON_LITERAL_NULL_CONVERSION = YES;
				CLANG_WARN_OBJC_IMPLICIT_RETAIN_SELF = YES;
				CLANG_WARN_OBJC_LITERAL_CONVERSION = YES;
				CLANG_WARN_OBJC_ROOT_CLASS = YES_ERROR;
				CLANG_WARN_QUOTED_INCLUDE_IN_FRAMEWORK_HEADER = YES;
				CLANG_WARN_RANGE_LOOP_ANALYSIS = YES;
				CLANG_WARN_STRICT_PROTOTYPES = YES;
				CLANG_WARN_SUSPICIOUS_MOVE = YES;
				CLANG_WARN_UNGUARDED_AVAILABILITY = YES_AGGRESSIVE;
				CLANG_WARN_UNREACHABLE_CODE = YES;
				CLANG_WARN__DUPLICATE_METHOD_MATCH = YES;
				COPY_PHASE_STRIP = NO;
				DEAD_CODE_STRIPPING = YES;
				DEBUG_INFORMATION_FORMAT = dwarf;
				DEVELOPMENT_TEAM = CM6PR6R3U2;
				ENABLE_STRICT_OBJC_MSGSEND = YES;
				ENABLE_TESTABILITY = YES;
				ENABLE_USER_SCRIPT_SANDBOXING = YES;
				GCC_C_LANGUAGE_STANDARD = gnu17;
				GCC_DYNAMIC_NO_PIC = NO;
				GCC_NO_COMMON_BLOCKS = YES;
				GCC_OPTIMIZATION_LEVEL = 0;
				GCC_PREPROCESSOR_DEFINITIONS = (
					"DEBUG=1",
					"$(inherited)",
				);
				GCC_WARN_64_TO_32_BIT_CONVERSION = YES;
				GCC_WARN_ABOUT_RETURN_TYPE = YES_ERROR;
				GCC_WARN_UNDECLARED_SELECTOR = YES;
				GCC_WARN_UNINITIALIZED_AUTOS = YES_AGGRESSIVE;
				GCC_WARN_UNUSED_FUNCTION = YES;
				GCC_WARN_UNUSED_VARIABLE = YES;
				LOCALIZATION_PREFERS_STRING_CATALOGS = YES;
				MACOSX_DEPLOYMENT_TARGET = 26.2;
				MTL_ENABLE_DEBUG_INFO = INCLUDE_SOURCE;
				MTL_FAST_MATH = YES;
				ONLY_ACTIVE_ARCH = YES;
				SDKROOT = macosx;
				STRING_CATALOG_GENERATE_SYMBOLS = YES;
				SWIFT_ACTIVE_COMPILATION_CONDITIONS = "DEBUG $(inherited)";
				SWIFT_OPTIMIZATION_LEVEL = "-Onone";
			};
			name = Debug;
		};
		58A4590C2EF5C76E003F504E /* Release */ = {
			isa = XCBuildConfiguration;
			buildSettings = {
				ALWAYS_SEARCH_USER_PATHS = NO;
				ASSETCATALOG_COMPILER_GENERATE_SWIFT_ASSET_SYMBOL_EXTENSIONS = YES;
				CLANG_ANALYZER_NONNULL = YES;
				CLANG_ANALYZER_NUMBER_OBJECT_CONVERSION = YES_AGGRESSIVE;
				CLANG_CXX_LANGUAGE_STANDARD = "gnu++20";
				CLANG_ENABLE_MODULES = YES;
				CLANG_ENABLE_OBJC_ARC = YES;
				CLANG_ENABLE_OBJC_WEAK = YES;
				CLANG_WARN_BLOCK_CAPTURE_AUTORELEASING = YES;
				CLANG_WARN_BOOL_CONVERSION = YES;
				CLANG_WARN_COMMA = YES;
				CLANG_WARN_CONSTANT_CONVERSION = YES;
				CLANG_WARN_DEPRECATED_OBJC_IMPLEMENTATIONS = YES;
				CLANG_WARN_DIRECT_OBJC_ISA_USAGE = YES_ERROR;
				CLANG_WARN_DOCUMENTATION_COMMENTS = YES;
				CLANG_WARN_EMPTY_BODY = YES;
				CLANG_WARN_ENUM_CONVERSION = YES;
				CLANG_WARN_INFINITE_RECURSION = YES;
				CLANG_WARN_INT_CONVERSION = YES;
				CLANG_WARN_NON_LITERAL_NULL_CONVERSION = YES;
				CLANG_WARN_OBJC_IMPLICIT_RETAIN_SELF = YES;
				CLANG_WARN_OBJC_LITERAL_CONVERSION = YES;
				CLANG_WARN_OBJC_ROOT_CLASS = YES_ERROR;
				CLANG_WARN_QUOTED_INCLUDE_IN_FRAMEWORK_HEADER = YES;
				CLANG_WARN_RANGE_LOOP_ANALYSIS = YES;
				CLANG_WARN_STRICT_PROTOTYPES = YES;
				CLANG_WARN_SUSPICIOUS_MOVE = YES;
				CLANG_WARN_UNGUARDED_AVAILABILITY = YES_AGGRESSIVE;
				CLANG_WARN_UNREACHABLE_CODE = YES;
				CLANG_WARN__DUPLICATE_METHOD_MATCH = YES;
				COPY_PHASE_STRIP = NO;
				DEAD_CODE_STRIPPING = YES;
				DEBUG_INFORMATION_FORMAT = "dwarf-with-dsym";
				DEVELOPMENT_TEAM = CM6PR6R3U2;
				ENABLE_NS_ASSERTIONS = NO;
				ENABLE_STRICT_OBJC_MSGSEND = YES;
				ENABLE_USER_SCRIPT_SANDBOXING = YES;
				GCC_C_LANGUAGE_STANDARD = gnu17;
				GCC_NO_COMMON_BLOCKS = YES;
				GCC_WARN_64_TO_32_BIT_CONVERSION = YES;
				GCC_WARN_ABOUT_RETURN_TYPE = YES_ERROR;
				GCC_WARN_UNDECLARED_SELECTOR = YES;
				GCC_WARN_UNINITIALIZED_AUTOS = YES_AGGRESSIVE;
				GCC_WARN_UNUSED_FUNCTION = YES;
				GCC_WARN_UNUSED_VARIABLE = YES;
				LOCALIZATION_PREFERS_STRING_CATALOGS = YES;
				MACOSX_DEPLOYMENT_TARGET = 26.2;
				MTL_ENABLE_DEBUG_INFO = NO;
				MTL_FAST_MATH = YES;
				SDKROOT = macosx;
				STRING_CATALOG_GENERATE_SYMBOLS = YES;
				SWIFT_COMPILATION_MODE = wholemodule;
			};
			name = Release;
		};
		58F669B42EF6C847003BA262 /* Debug */ = {
			isa = XCBuildConfiguration;
			buildSettings = {
				BUILD_LIBRARY_FOR_DISTRIBUTION = YES;
				CODE_SIGN_IDENTITY = "";
				CODE_SIGN_STYLE = Automatic;
				COMBINE_HIDPI_IMAGES = YES;
				CURRENT_PROJECT_VERSION = 1;
				DEAD_CODE_STRIPPING = YES;
				DEFINES_MODULE = YES;
				DEVELOPMENT_TEAM = CM6PR6R3U2;
				DYLIB_COMPATIBILITY_VERSION = 1;
				DYLIB_CURRENT_VERSION = 1;
				DYLIB_INSTALL_NAME_BASE = "@rpath";
				ENABLE_MODULE_VERIFIER = YES;
				GENERATE_INFOPLIST_FILE = YES;
				HEADER_SEARCH_PATHS = "$(SRCROOT)/VidCore/Frameworks/FFmpeg/include";
				INFOPLIST_KEY_NSHumanReadableCopyright = "";
				INSTALL_PATH = "$(LOCAL_LIBRARY_DIR)/Frameworks";
				LD_RUNPATH_SEARCH_PATHS = (
					"$(inherited)",
					"@executable_path/../Frameworks",
					"@loader_path/Frameworks",
				);
				LIBRARY_SEARCH_PATHS = (
					"$(SRCROOT)/VidCore/Frameworks/FFmpeg/lib",
					"$(PROJECT_DIR)/VidCore/Frameworks/FFmpeg/lib",
				);
				MACOSX_DEPLOYMENT_TARGET = 15.6;
				MARKETING_VERSION = 1.0;
				MODULE_VERIFIER_SUPPORTED_LANGUAGES = "objective-c objective-c++";
				MODULE_VERIFIER_SUPPORTED_LANGUAGE_STANDARDS = "gnu17 gnu++20";
				OTHER_CFLAGS = (
					"$(inherited)",
					"-Wno-documentation",
					"-Wno-documentation-html",
				);
				OTHER_LDFLAGS = (
					"-framework",
					VideoToolbox,
					"-framework",
					CoreMedia,
					"-framework",
					CoreVideo,
					"-framework",
					AudioToolbox,
					"-framework",
					Security,
					"-lz",
					"-lbz2",
					"-liconv",
				);
				PRODUCT_BUNDLE_IDENTIFIER = uk.tarun.VidCore;
				PRODUCT_NAME = "$(TARGET_NAME:c99extidentifier)";
				SKIP_INSTALL = YES;
				STRING_CATALOG_GENERATE_SYMBOLS = YES;
				SWIFT_APPROACHABLE_CONCURRENCY = YES;
				SWIFT_EMIT_LOC_STRINGS = YES;
				SWIFT_INSTALL_MODULE = YES;
				SWIFT_INSTALL_OBJC_HEADER = NO;
				SWIFT_UPCOMING_FEATURE_MEMBER_IMPORT_VISIBILITY = YES;
				SWIFT_VERSION = 5.0;
				VERSIONING_SYSTEM = "apple-generic";
				VERSION_INFO_PREFIX = "";
			};
			name = Debug;
		};
		58F669B52EF6C847003BA262 /* Release */ = {
			isa = XCBuildConfiguration;
			buildSettings = {
				BUILD_LIBRARY_FOR_DISTRIBUTION = YES;
				CODE_SIGN_IDENTITY = "";
				CODE_SIGN_STYLE = Automatic;
				COMBINE_HIDPI_IMAGES = YES;
				CURRENT_PROJECT_VERSION = 1;
				DEAD_CODE_STRIPPING = YES;
				DEFINES_MODULE = YES;
				DEVELOPMENT_TEAM = CM6PR6R3U2;
				DYLIB_COMPATIBILITY_VERSION = 1;
				DYLIB_CURRENT_VERSION = 1;
				DYLIB_INSTALL_NAME_BASE = "@rpath";
				ENABLE_MODULE_VERIFIER = YES;
				GENERATE_INFOPLIST_FILE = YES;
				HEADER_SEARCH_PATHS = "$(SRCROOT)/VidCore/Frameworks/FFmpeg/include";
				INFOPLIST_KEY_NSHumanReadableCopyright = "";
				INSTALL_PATH = "$(LOCAL_LIBRARY_DIR)/Frameworks";
				LD_RUNPATH_SEARCH_PATHS = (
					"$(inherited)",
					"@executable_path/../Frameworks",
					"@loader_path/Frameworks",
				);
				LIBRARY_SEARCH_PATHS = (
					"$(SRCROOT)/VidCore/Frameworks/FFmpeg/lib",
					"$(PROJECT_DIR)/VidCore/Frameworks/FFmpeg/lib",
				);
				MACOSX_DEPLOYMENT_TARGET = 15.6;
				MARKETING_VERSION = 1.0;
				MODULE_VERIFIER_SUPPORTED_LANGUAGES = "objective-c objective-c++";
				MODULE_VERIFIER_SUPPORTED_LANGUAGE_STANDARDS = "gnu17 gnu++20";
				OTHER_CFLAGS = (
					"$(inherited)",
					"-Wno-documentation",
					"-Wno-documentation-html",
				);
				OTHER_LDFLAGS = (
					"-framework",
					VideoToolbox,
					"-framework",
					CoreMedia,
					"-framework",
					CoreVideo,
					"-framework",
					AudioToolbox,
					"-framework",
					Security,
					"-lz",
					"-lbz2",
					"-liconv",
				);
				PRODUCT_BUNDLE_IDENTIFIER = uk.tarun.VidCore;
				PRODUCT_NAME = "$(TARGET_NAME:c99extidentifier)";
				SKIP_INSTALL = YES;
				STRING_CATALOG_GENERATE_SYMBOLS = YES;
				SWIFT_APPROACHABLE_CONCURRENCY = YES;
				SWIFT_EMIT_LOC_STRINGS = YES;
				SWIFT_INSTALL_MODULE = YES;
				SWIFT_INSTALL_OBJC_HEADER = NO;
				SWIFT_UPCOMING_FEATURE_MEMBER_IMPORT_VISIBILITY = YES;
				SWIFT_VERSION = 5.0;
				VERSIONING_SYSTEM = "apple-generic";
				VERSION_INFO_PREFIX = "";
			};
			name = Release;
		};
/* End XCBuildConfiguration section */

/* Begin XCConfigurationList section */
		581739782EF6B9C100894B31 /* Build configuration list for PBXNativeTarget "VidPreviewQuickLook" */ = {
			isa = XCConfigurationList;
			buildConfigurations = (
				581739792EF6B9C100894B31 /* Debug */,
				5817397A2EF6B9C100894B31 /* Release */,
			);
			defaultConfigurationIsVisible = 0;
			defaultConfigurationName = Release;
		};
		58455B252F16DC4500AA5E23 /* Build configuration list for PBXNativeTarget "VidPreviewThumbnail" */ = {
			isa = XCConfigurationList;
			buildConfigurations = (
				58455B262F16DC4500AA5E23 /* Debug */,
				58455B272F16DC4500AA5E23 /* Release */,
			);
			defaultConfigurationIsVisible = 0;
			defaultConfigurationName = Release;
		};
		588766A62F36AB7E00B9506B /* Build configuration list for PBXNativeTarget "VidCoreTests" */ = {
			isa = XCConfigurationList;
			buildConfigurations = (
				588766A42F36AB7E00B9506B /* Debug */,
				588766A52F36AB7E00B9506B /* Release */,
			);
			defaultConfigurationIsVisible = 0;
			defaultConfigurationName = Release;
		};
		58A458F62EF5C76D003F504E /* Build configuration list for PBXProject "VidPreview" */ = {
			isa = XCConfigurationList;
			buildConfigurations = (
				58A4590B2EF5C76E003F504E /* Debug */,
				58A4590C2EF5C76E003F504E /* Release */,
			);
			defaultConfigurationIsVisible = 0;
			defaultConfigurationName = Release;
		};
		58A459082EF5C76E003F504E /* Build configuration list for PBXNativeTarget "VidPreview" */ = {
			isa = XCConfigurationList;
			buildConfigurations = (
				58A459092EF5C76E003F504E /* Debug */,
				58A4590A2EF5C76E003F504E /* Release */,
			);
			defaultConfigurationIsVisible = 0;
			defaultConfigurationName = Release;
		};
		58F669B32EF6C847003BA262 /* Build configuration list for PBXNativeTarget "VidCore" */ = {
			isa = XCConfigurationList;
			buildConfigurations = (
				58F669B42EF6C847003BA262 /* Debug */,
				58F669B52EF6C847003BA262 /* Release */,
			);
			defaultConfigurationIsVisible = 0;
			defaultConfigurationName = Release;
		};
/* End XCConfigurationList section */
	};
	rootObject = 58A458F32EF5C76D003F504E /* Project object */;
}
